
Microsoft Visual Studio Solution File, Format Version 12.00
# Visual Studio Version 17
VisualStudioVersion = 17.4.33110.190
MinimumVisualStudioVersion = 10.0.40219.1
Project("{FAE04EC0-301F-11D3-BF4B-00C04F79EFBC}") = "pz_24", "pz_24.csproj", "{A2D2C852-801B-4450-B356-80E3FBD100F8}"
EndProject
Global
	GlobalSection(SolutionConfigurationPlatforms) = preSolution
		Debug|Any CPU = Debug|Any CPU
		Release|Any CPU = Release|Any CPU
	EndGlobalSection
	GlobalSection(ProjectConfigurationPlatforms) = postSolution
		{A2D2C852-801B-4450-B356-80E3FBD100F8}.Debug|Any CPU.ActiveCfg = Debug|Any CPU
		{A2D2C852-801B-4450-B356-80E3FBD100F8}.Debug|Any CPU.Build.0 = Debug|Any CPU
		{A2D2C852-801B-4450-B356-80E3FBD100F8}.Release|Any CPU.ActiveCfg = Release|Any CPU
		{A2D2C852-801B-4450-B356-80E3FBD100F8}.Release|Any CPU.Build.0 = Release|Any CPU
	EndGlobalSection
	GlobalSection(SolutionProperties) = preSolution
		HideSolutionNode = FALSE
	EndGlobalSection
	GlobalSection(ExtensibilityGlobals) = postSolution
		SolutionGuid = {44BFAF3C-758F-4512-BD3B-60E71C546D1D}
	EndGlobalSection
EndGlobal
