
Microsoft Visual Studio Solution File, Format Version 12.00
# Visual Studio Version 17
VisualStudioVersion = 17.4.33110.190
MinimumVisualStudioVersion = 10.0.40219.1
Project("{FAE04EC0-301F-11D3-BF4B-00C04F79EFBC}") = "pz_27", "pz_27.csproj", "{A12D346D-4DAF-4C55-B5BE-BAB06D8E7E08}"
EndProject
Global
	GlobalSection(SolutionConfigurationPlatforms) = preSolution
		Debug|Any CPU = Debug|Any CPU
		Release|Any CPU = Release|Any CPU
	EndGlobalSection
	GlobalSection(ProjectConfigurationPlatforms) = postSolution
		{A12D346D-4DAF-4C55-B5BE-BAB06D8E7E08}.Debug|Any CPU.ActiveCfg = Debug|Any CPU
		{A12D346D-4DAF-4C55-B5BE-BAB06D8E7E08}.Debug|Any CPU.Build.0 = Debug|Any CPU
		{A12D346D-4DAF-4C55-B5BE-BAB06D8E7E08}.Release|Any CPU.ActiveCfg = Release|Any CPU
		{A12D346D-4DAF-4C55-B5BE-BAB06D8E7E08}.Release|Any CPU.Build.0 = Release|Any CPU
	EndGlobalSection
	GlobalSection(SolutionProperties) = preSolution
		HideSolutionNode = FALSE
	EndGlobalSection
	GlobalSection(ExtensibilityGlobals) = postSolution
		SolutionGuid = {4255A6CB-0332-4390-8CD6-AADB4E164A8A}
	EndGlobalSection
EndGlobal
