
Microsoft Visual Studio Solution File, Format Version 12.00
# Visual Studio Version 17
VisualStudioVersion = 17.3.32825.248
MinimumVisualStudioVersion = 10.0.40219.1
Project("{FAE04EC0-301F-11D3-BF4B-00C04F79EFBC}") = "pz_6", "pz_6.csproj", "{63E07686-8433-4D2A-819F-0A9A6F87861E}"
EndProject
Global
	GlobalSection(SolutionConfigurationPlatforms) = preSolution
		Debug|Any CPU = Debug|Any CPU
		Release|Any CPU = Release|Any CPU
	EndGlobalSection
	GlobalSection(ProjectConfigurationPlatforms) = postSolution
		{63E07686-8433-4D2A-819F-0A9A6F87861E}.Debug|Any CPU.ActiveCfg = Debug|Any CPU
		{63E07686-8433-4D2A-819F-0A9A6F87861E}.Debug|Any CPU.Build.0 = Debug|Any CPU
		{63E07686-8433-4D2A-819F-0A9A6F87861E}.Release|Any CPU.ActiveCfg = Release|Any CPU
		{63E07686-8433-4D2A-819F-0A9A6F87861E}.Release|Any CPU.Build.0 = Release|Any CPU
	EndGlobalSection
	GlobalSection(SolutionProperties) = preSolution
		HideSolutionNode = FALSE
	EndGlobalSection
	GlobalSection(ExtensibilityGlobals) = postSolution
		SolutionGuid = {B744CF0E-0217-44E1-A220-8FCB4CE75FC3}
	EndGlobalSection
EndGlobal
