
Microsoft Visual Studio Solution File, Format Version 12.00
# Visual Studio Version 17
VisualStudioVersion = 17.4.33110.190
MinimumVisualStudioVersion = 10.0.40219.1
Project("{FAE04EC0-301F-11D3-BF4B-00C04F79EFBC}") = "WpfApp1", "WpfApp1.csproj", "{98E9F34B-9C5C-4329-A2DE-914018D7345F}"
EndProject
Global
	GlobalSection(SolutionConfigurationPlatforms) = preSolution
		Debug|Any CPU = Debug|Any CPU
		Release|Any CPU = Release|Any CPU
	EndGlobalSection
	GlobalSection(ProjectConfigurationPlatforms) = postSolution
		{98E9F34B-9C5C-4329-A2DE-914018D7345F}.Debug|Any CPU.ActiveCfg = Debug|Any CPU
		{98E9F34B-9C5C-4329-A2DE-914018D7345F}.Debug|Any CPU.Build.0 = Debug|Any CPU
		{98E9F34B-9C5C-4329-A2DE-914018D7345F}.Release|Any CPU.ActiveCfg = Release|Any CPU
		{98E9F34B-9C5C-4329-A2DE-914018D7345F}.Release|Any CPU.Build.0 = Release|Any CPU
	EndGlobalSection
	GlobalSection(SolutionProperties) = preSolution
		HideSolutionNode = FALSE
	EndGlobalSection
	GlobalSection(ExtensibilityGlobals) = postSolution
		SolutionGuid = {34565774-B670-4A02-AED0-8E6330F10136}
	EndGlobalSection
EndGlobal
