
Microsoft Visual Studio Solution File, Format Version 12.00
# Visual Studio Version 16
VisualStudioVersion = 16.0.33529.622
MinimumVisualStudioVersion = 10.0.40219.1
Project("{FAE04EC0-301F-11D3-BF4B-00C04F79EFBC}") = "pz_28", "pz_28\pz_28.csproj", "{5A893B4D-6B1E-42D3-8C65-F8BFB8A4B53C}"
EndProject
Global
	GlobalSection(SolutionConfigurationPlatforms) = preSolution
		Debug|Any CPU = Debug|Any CPU
		Release|Any CPU = Release|Any CPU
	EndGlobalSection
	GlobalSection(ProjectConfigurationPlatforms) = postSolution
		{5A893B4D-6B1E-42D3-8C65-F8BFB8A4B53C}.Debug|Any CPU.ActiveCfg = Debug|Any CPU
		{5A893B4D-6B1E-42D3-8C65-F8BFB8A4B53C}.Debug|Any CPU.Build.0 = Debug|Any CPU
		{5A893B4D-6B1E-42D3-8C65-F8BFB8A4B53C}.Release|Any CPU.ActiveCfg = Release|Any CPU
		{5A893B4D-6B1E-42D3-8C65-F8BFB8A4B53C}.Release|Any CPU.Build.0 = Release|Any CPU
	EndGlobalSection
	GlobalSection(SolutionProperties) = preSolution
		HideSolutionNode = FALSE
	EndGlobalSection
	GlobalSection(ExtensibilityGlobals) = postSolution
		SolutionGuid = {027E02B1-41BB-44EA-AA6A-B9424B6CD828}
	EndGlobalSection
EndGlobal
