
Microsoft Visual Studio Solution File, Format Version 12.00
# Visual Studio Version 17
VisualStudioVersion = 17.3.32825.248
MinimumVisualStudioVersion = 10.0.40219.1
Project("{FAE04EC0-301F-11D3-BF4B-00C04F79EFBC}") = "pz_15", "pz_15.csproj", "{A7518733-1A17-4660-84E1-A4550AC9E84D}"
EndProject
Global
	GlobalSection(SolutionConfigurationPlatforms) = preSolution
		Debug|Any CPU = Debug|Any CPU
		Release|Any CPU = Release|Any CPU
	EndGlobalSection
	GlobalSection(ProjectConfigurationPlatforms) = postSolution
		{A7518733-1A17-4660-84E1-A4550AC9E84D}.Debug|Any CPU.ActiveCfg = Debug|Any CPU
		{A7518733-1A17-4660-84E1-A4550AC9E84D}.Debug|Any CPU.Build.0 = Debug|Any CPU
		{A7518733-1A17-4660-84E1-A4550AC9E84D}.Release|Any CPU.ActiveCfg = Release|Any CPU
		{A7518733-1A17-4660-84E1-A4550AC9E84D}.Release|Any CPU.Build.0 = Release|Any CPU
	EndGlobalSection
	GlobalSection(SolutionProperties) = preSolution
		HideSolutionNode = FALSE
	EndGlobalSection
	GlobalSection(ExtensibilityGlobals) = postSolution
		SolutionGuid = {F7BB6F56-359A-4031-B960-0262B295E8AC}
	EndGlobalSection
EndGlobal
